// !$*UTF8*$!
{
	archiveVersion = 1;
	classes = {
	};
	objectVersion = 50;
	objects = {

/* Begin PBXBuildFile section */
		890B436E20D1519900C6C5C3 /* common.cpp in Sources */ = {isa = PBXBuildFile; fileRef = 890B436A20D1519900C6C5C3 /* common.cpp */; };
		890B436F20D1519900C6C5C3 /* alertHandler.cpp in Sources */ = {isa = PBXBuildFile; fileRef = 890B436B20D1519900C6C5C3 /* alertHandler.cpp */; };
		890B437020D1519900C6C5C3 /* alertObserver.cpp in Sources */ = {isa = PBXBuildFile; fileRef = 890B436C20D1519900C6C5C3 /* alertObserver.cpp */; };
		890B437120D1519900C6C5C3 /* common.hpp in Headers */ = {isa = PBXBuildFile; fileRef = 890B436D20D1519900C6C5C3 /* common.hpp */; };
/* End PBXBuildFile section */

/* Begin PBXFileReference section */
		890B436220D1511D00C6C5C3 /* libnbp-lib-torrent.a */ = {isa = PBXFileReference; explicitFileType = archive.ar; includeInIndex = 0; path = "libnbp-lib-torrent.a"; sourceTree = BUILT_PRODUCTS_DIR; };
		890B436A20D1519900C6C5C3 /* common.cpp */ = {isa = PBXFileReference; fileEncoding = 4; lastKnownFileType = sourcecode.cpp.cpp; path = common.cpp; sourceTree = "<group>"; };
		890B436B20D1519900C6C5C3 /* alertHandler.cpp */ = {isa = PBXFileReference; fileEncoding = 4; lastKnownFileType = sourcecode.cpp.cpp; path = alertHandler.cpp; sourceTree = "<group>"; };
		890B436C20D1519900C6C5C3 /* alertObserver.cpp */ = {isa = PBXFileReference; fileEncoding = 4; lastKnownFileType = sourcecode.cpp.cpp; path = alertObserver.cpp; sourceTree = "<group>"; };
		890B436D20D1519900C6C5C3 /* common.hpp */ = {isa = PBXFileReference; fileEncoding = 4; lastKnownFileType = sourcecode.cpp.h; path = common.hpp; sourceTree = "<group>"; };
		890B437420D151A400C6C5C3 /* alertObserver.hpp */ = {isa = PBXFileReference; lastKnownFileType = sourcecode.cpp.h; path = alertObserver.hpp; sourceTree = "<group>"; };
		890B437520D151A400C6C5C3 /* alertHandler.hpp */ = {isa = PBXFileReference; lastKnownFileType = sourcecode.cpp.h; path = alertHandler.hpp; sourceTree = "<group>"; };
		890B437620D151A400C6C5C3 /* nbp-lib-torrent.hpp */ = {isa = PBXFileReference; lastKnownFileType = sourcecode.cpp.h; path = "nbp-lib-torrent.hpp"; sourceTree = "<group>"; };
		890B437720D1527600C6C5C3 /* config.xcconfig */ = {isa = PBXFileReference; lastKnownFileType = text.xcconfig; path = config.xcconfig; sourceTree = "<group>"; };
/* End PBXFileReference section */

/* Begin PBXFrameworksBuildPhase section */
		890B435F20D1511D00C6C5C3 /* Frameworks */ = {
			isa = PBXFrameworksBuildPhase;
			buildActionMask = 2147483647;
			files = (
			);
			runOnlyForDeploymentPostprocessing = 0;
		};
/* End PBXFrameworksBuildPhase section */

/* Begin PBXGroup section */
		890B435920D1511D00C6C5C3 = {
			isa = PBXGroup;
			children = (
				890B437720D1527600C6C5C3 /* config.xcconfig */,
				890B437220D151A400C6C5C3 /* include */,
				890B436920D1519900C6C5C3 /* src */,
				890B436320D1511D00C6C5C3 /* Products */,
			);
			sourceTree = "<group>";
		};
		890B436320D1511D00C6C5C3 /* Products */ = {
			isa = PBXGroup;
			children = (
				890B436220D1511D00C6C5C3 /* libnbp-lib-torrent.a */,
			);
			name = Products;
			sourceTree = "<group>";
		};
		890B436920D1519900C6C5C3 /* src */ = {
			isa = PBXGroup;
			children = (
				890B436B20D1519900C6C5C3 /* alertHandler.cpp */,
				890B436C20D1519900C6C5C3 /* alertObserver.cpp */,
				890B436D20D1519900C6C5C3 /* common.hpp */,
				890B436A20D1519900C6C5C3 /* common.cpp */,
			);
			name = src;
			path = ../../src;
			sourceTree = "<group>";
		};
		890B437220D151A400C6C5C3 /* include */ = {
			isa = PBXGroup;
			children = (
				890B437320D151A400C6C5C3 /* nbp-lib-torrent */,
			);
			name = include;
			path = ../../include;
			sourceTree = "<group>";
		};
		890B437320D151A400C6C5C3 /* nbp-lib-torrent */ = {
			isa = PBXGroup;
			children = (
				890B437420D151A400C6C5C3 /* alertObserver.hpp */,
				890B437520D151A400C6C5C3 /* alertHandler.hpp */,
				890B437620D151A400C6C5C3 /* nbp-lib-torrent.hpp */,
			);
			path = "nbp-lib-torrent";
			sourceTree = "<group>";
		};
/* End PBXGroup section */

/* Begin PBXHeadersBuildPhase section */
		890B436020D1511D00C6C5C3 /* Headers */ = {
			isa = PBXHeadersBuildPhase;
			buildActionMask = 2147483647;
			files = (
				890B437120D1519900C6C5C3 /* common.hpp in Headers */,
			);
			runOnlyForDeploymentPostprocessing = 0;
		};
/* End PBXHeadersBuildPhase section */

/* Begin PBXNativeTarget section */
		890B436120D1511D00C6C5C3 /* nbp-lib-torrent */ = {
			isa = PBXNativeTarget;
			buildConfigurationList = 890B436620D1511D00C6C5C3 /* Build configuration list for PBXNativeTarget "nbp-lib-torrent" */;
			buildPhases = (
				890B435E20D1511D00C6C5C3 /* Sources */,
				890B435F20D1511D00C6C5C3 /* Frameworks */,
				890B436020D1511D00C6C5C3 /* Headers */,
			);
			buildRules = (
			);
			dependencies = (
			);
			name = "nbp-lib-torrent";
			productName = "nbp-lib-torrent";
			productReference = 890B436220D1511D00C6C5C3 /* libnbp-lib-torrent.a */;
			productType = "com.apple.product-type.library.static";
		};
/* End PBXNativeTarget section */

/* Begin PBXProject section */
		890B435A20D1511D00C6C5C3 /* Project object */ = {
			isa = PBXProject;
			attributes = {
				LastUpgradeCheck = 0930;
				ORGANIZATIONNAME = Ymagis;
				TargetAttributes = {
					890B436120D1511D00C6C5C3 = {
						CreatedOnToolsVersion = 9.3.1;
					};
				};
			};
			buildConfigurationList = 890B435D20D1511D00C6C5C3 /* Build configuration list for PBXProject "nbp-lib-torrent" */;
			compatibilityVersion = "Xcode 9.3";
			developmentRegion = en;
			hasScannedForEncodings = 0;
			knownRegions = (
				en,
			);
			mainGroup = 890B435920D1511D00C6C5C3;
			productRefGroup = 890B436320D1511D00C6C5C3 /* Products */;
			projectDirPath = "";
			projectRoot = "";
			targets = (
				890B436120D1511D00C6C5C3 /* nbp-lib-torrent */,
			);
		};
/* End PBXProject section */

/* Begin PBXSourcesBuildPhase section */
		890B435E20D1511D00C6C5C3 /* Sources */ = {
			isa = PBXSourcesBuildPhase;
			buildActionMask = 2147483647;
			files = (
				890B436E20D1519900C6C5C3 /* common.cpp in Sources */,
				890B436F20D1519900C6C5C3 /* alertHandler.cpp in Sources */,
				890B437020D1519900C6C5C3 /* alertObserver.cpp in Sources */,
			);
			runOnlyForDeploymentPostprocessing = 0;
		};
/* End PBXSourcesBuildPhase section */

/* Begin XCBuildConfiguration section */
		890B436420D1511D00C6C5C3 /* Debug */ = {
			isa = XCBuildConfiguration;
			baseConfigurationReference = 890B437720D1527600C6C5C3 /* config.xcconfig */;
			buildSettings = {
				ALWAYS_SEARCH_USER_PATHS = NO;
				CLANG_ANALYZER_NONNULL = YES;
				CLANG_ANALYZER_NUMBER_OBJECT_CONVERSION = YES_AGGRESSIVE;
				CLANG_CXX_LANGUAGE_STANDARD = "gnu++14";
				CLANG_CXX_LIBRARY = "libc++";
				CLANG_ENABLE_MODULES = YES;
				CLANG_ENABLE_OBJC_ARC = YES;
				CLANG_ENABLE_OBJC_WEAK = YES;
				CLANG_WARN_BLOCK_CAPTURE_AUTORELEASING = YES;
				CLANG_WARN_BOOL_CONVERSION = YES;
				CLANG_WARN_COMMA = YES;
				CLANG_WARN_CONSTANT_CONVERSION = YES;
				CLANG_WARN_DEPRECATED_OBJC_IMPLEMENTATIONS = YES;
				CLANG_WARN_DIRECT_OBJC_ISA_USAGE = YES_ERROR;
				CLANG_WARN_DOCUMENTATION_COMMENTS = YES;
				CLANG_WARN_EMPTY_BODY = YES;
				CLANG_WARN_ENUM_CONVERSION = YES;
				CLANG_WARN_INFINITE_RECURSION = YES;
				CLANG_WARN_INT_CONVERSION = YES;
				CLANG_WARN_NON_LITERAL_NULL_CONVERSION = YES;
				CLANG_WARN_OBJC_IMPLICIT_RETAIN_SELF = YES;
				CLANG_WARN_OBJC_LITERAL_CONVERSION = YES;
				CLANG_WARN_OBJC_ROOT_CLASS = YES_ERROR;
				CLANG_WARN_RANGE_LOOP_ANALYSIS = YES;
				CLANG_WARN_STRICT_PROTOTYPES = YES;
				CLANG_WARN_SUSPICIOUS_MOVE = YES;
				CLANG_WARN_UNGUARDED_AVAILABILITY = YES_AGGRESSIVE;
				CLANG_WARN_UNREACHABLE_CODE = YES;
				CLANG_WARN__DUPLICATE_METHOD_MATCH = YES;
				CODE_SIGN_IDENTITY = "-";
				COPY_PHASE_STRIP = NO;
				DEBUG_INFORMATION_FORMAT = dwarf;
				ENABLE_STRICT_OBJC_MSGSEND = YES;
				ENABLE_TESTABILITY = YES;
				GCC_C_LANGUAGE_STANDARD = gnu11;
				GCC_DYNAMIC_NO_PIC = NO;
				GCC_NO_COMMON_BLOCKS = YES;
				GCC_OPTIMIZATION_LEVEL = 0;
				GCC_PREPROCESSOR_DEFINITIONS = (
					"DEBUG=1",
					"$(inherited)",
				);
				GCC_WARN_64_TO_32_BIT_CONVERSION = YES;
				GCC_WARN_ABOUT_RETURN_TYPE = YES_ERROR;
				GCC_WARN_UNDECLARED_SELECTOR = YES;
				GCC_WARN_UNINITIALIZED_AUTOS = YES_AGGRESSIVE;
				GCC_WARN_UNUSED_FUNCTION = YES;
				GCC_WARN_UNUSED_VARIABLE = YES;
				MACOSX_DEPLOYMENT_TARGET = 10.13;
				MTL_ENABLE_DEBUG_INFO = YES;
				ONLY_ACTIVE_ARCH = YES;
				SDKROOT = macosx;
			};
			name = Debug;
		};
		890B436520D1511D00C6C5C3 /* Release */ = {
			isa = XCBuildConfiguration;
			baseConfigurationReference = 890B437720D1527600C6C5C3 /* config.xcconfig */;
			buildSettings = {
				ALWAYS_SEARCH_USER_PATHS = NO;
				CLANG_ANALYZER_NONNULL = YES;
				CLANG_ANALYZER_NUMBER_OBJECT_CONVERSION = YES_AGGRESSIVE;
				CLANG_CXX_LANGUAGE_STANDARD = "gnu++14";
				CLANG_CXX_LIBRARY = "libc++";
				CLANG_ENABLE_MODULES = YES;
				CLANG_ENABLE_OBJC_ARC = YES;
				CLANG_ENABLE_OBJC_WEAK = YES;
				CLANG_WARN_BLOCK_CAPTURE_AUTORELEASING = YES;
				CLANG_WARN_BOOL_CONVERSION = YES;
				CLANG_WARN_COMMA = YES;
				CLANG_WARN_CONSTANT_CONVERSION = YES;
				CLANG_WARN_DEPRECATED_OBJC_IMPLEMENTATIONS = YES;
				CLANG_WARN_DIRECT_OBJC_ISA_USAGE = YES_ERROR;
				CLANG_WARN_DOCUMENTATION_COMMENTS = YES;
				CLANG_WARN_EMPTY_BODY = YES;
				CLANG_WARN_ENUM_CONVERSION = YES;
				CLANG_WARN_INFINITE_RECURSION = YES;
				CLANG_WARN_INT_CONVERSION = YES;
				CLANG_WARN_NON_LITERAL_NULL_CONVERSION = YES;
				CLANG_WARN_OBJC_IMPLICIT_RETAIN_SELF = YES;
				CLANG_WARN_OBJC_LITERAL_CONVERSION = YES;
				CLANG_WARN_OBJC_ROOT_CLASS = YES_ERROR;
				CLANG_WARN_RANGE_LOOP_ANALYSIS = YES;
				CLANG_WARN_STRICT_PROTOTYPES = YES;
				CLANG_WARN_SUSPICIOUS_MOVE = YES;
				CLANG_WARN_UNGUARDED_AVAILABILITY = YES_AGGRESSIVE;
				CLANG_WARN_UNREACHABLE_CODE = YES;
				CLANG_WARN__DUPLICATE_METHOD_MATCH = YES;
				CODE_SIGN_IDENTITY = "-";
				COPY_PHASE_STRIP = NO;
				DEBUG_INFORMATION_FORMAT = "dwarf-with-dsym";
				ENABLE_NS_ASSERTIONS = NO;
				ENABLE_STRICT_OBJC_MSGSEND = YES;
				GCC_C_LANGUAGE_STANDARD = gnu11;
				GCC_NO_COMMON_BLOCKS = YES;
				GCC_WARN_64_TO_32_BIT_CONVERSION = YES;
				GCC_WARN_ABOUT_RETURN_TYPE = YES_ERROR;
				GCC_WARN_UNDECLARED_SELECTOR = YES;
				GCC_WARN_UNINITIALIZED_AUTOS = YES_AGGRESSIVE;
				GCC_WARN_UNUSED_FUNCTION = YES;
				GCC_WARN_UNUSED_VARIABLE = YES;
				MACOSX_DEPLOYMENT_TARGET = 10.13;
				MTL_ENABLE_DEBUG_INFO = NO;
				SDKROOT = macosx;
			};
			name = Release;
		};
		890B436720D1511D00C6C5C3 /* Debug */ = {
			isa = XCBuildConfiguration;
			buildSettings = {
				CODE_SIGN_STYLE = Automatic;
				EXECUTABLE_PREFIX = lib;
				PRODUCT_NAME = "$(TARGET_NAME)";
				SKIP_INSTALL = YES;
			};
			name = Debug;
		};
		890B436820D1511D00C6C5C3 /* Release */ = {
			isa = XCBuildConfiguration;
			buildSettings = {
				CODE_SIGN_STYLE = Automatic;
				EXECUTABLE_PREFIX = lib;
				PRODUCT_NAME = "$(TARGET_NAME)";
				SKIP_INSTALL = YES;
			};
			name = Release;
		};
/* End XCBuildConfiguration section */

/* Begin XCConfigurationList section */
		890B435D20D1511D00C6C5C3 /* Build configuration list for PBXProject "nbp-lib-torrent" */ = {
			isa = XCConfigurationList;
			buildConfigurations = (
				890B436420D1511D00C6C5C3 /* Debug */,
				890B436520D1511D00C6C5C3 /* Release */,
			);
			defaultConfigurationIsVisible = 0;
			defaultConfigurationName = Release;
		};
		890B436620D1511D00C6C5C3 /* Build configuration list for PBXNativeTarget "nbp-lib-torrent" */ = {
			isa = XCConfigurationList;
			buildConfigurations = (
				890B436720D1511D00C6C5C3 /* Debug */,
				890B436820D1511D00C6C5C3 /* Release */,
			);
			defaultConfigurationIsVisible = 0;
			defaultConfigurationName = Release;
		};
/* End XCConfigurationList section */
	};
	rootObject = 890B435A20D1511D00C6C5C3 /* Project object */;
}
